
Microsoft Visual Studio Solution File, Format Version 12.00
# Visual Studio 2012
VisualStudioVersion = 14.0.23107.0
MinimumVisualStudioVersion = 10.0.40219.1
Project("{2150E333-8FDC-42A3-9474-1A3956D46DE8}") = "Platforms", "Platforms", "{A00851EE-4498-4D67-91FF-76F7AF8BE34A}"
EndProject
Project("{FAE04EC0-301F-11D3-BF4B-00C04F79EFBC}") = "ScorePredict.Touch", "Platforms\ScorePredict.Touch\ScorePredict.Touch.csproj", "{7CCBEEDB-324D-43DC-84FD-5A19C26050C9}"
EndProject
Project("{FAE04EC0-301F-11D3-BF4B-00C04F79EFBC}") = "ScorePredict.Droid", "Platforms\ScorePredict.Droid\ScorePredict.Droid.csproj", "{90C1FF49-B715-450F-8E74-6ED4F4C3C990}"
EndProject
Project("{FAE04EC0-301F-11D3-BF4B-00C04F79EFBC}") = "ScorePredict.Phone", "Platforms\ScorePredict.Phone\ScorePredict.Phone.csproj", "{C9BF19D4-B0A4-4A26-8D20-360834E8C19A}"
EndProject
Project("{FAE04EC0-301F-11D3-BF4B-00C04F79EFBC}") = "ScorePredict.Core", "ScorePredict.Core\ScorePredict.Core.csproj", "{B40B9C14-B691-488A-A998-3C437D3805BE}"
EndProject
Project("{FAE04EC0-301F-11D3-BF4B-00C04F79EFBC}") = "ScorePredict.Common", "ScorePredict.Common\ScorePredict.Common.csproj", "{38E485E1-A5F9-43D7-8F31-896E0CE890BC}"
EndProject
Project("{FAE04EC0-301F-11D3-BF4B-00C04F79EFBC}") = "ScorePredict.Services", "ScorePredict.Services\ScorePredict.Services.csproj", "{4257B47F-895D-4154-88DD-430A084B2353}"
EndProject
Global
	GlobalSection(SolutionConfigurationPlatforms) = preSolution
		Ad-Hoc|Any CPU = Ad-Hoc|Any CPU
		Ad-Hoc|ARM = Ad-Hoc|ARM
		Ad-Hoc|iPhone = Ad-Hoc|iPhone
		Ad-Hoc|iPhoneSimulator = Ad-Hoc|iPhoneSimulator
		Ad-Hoc|Mixed Platforms = Ad-Hoc|Mixed Platforms
		Ad-Hoc|x86 = Ad-Hoc|x86
		AppStore|Any CPU = AppStore|Any CPU
		AppStore|ARM = AppStore|ARM
		AppStore|iPhone = AppStore|iPhone
		AppStore|iPhoneSimulator = AppStore|iPhoneSimulator
		AppStore|Mixed Platforms = AppStore|Mixed Platforms
		AppStore|x86 = AppStore|x86
		Debug|Any CPU = Debug|Any CPU
		Debug|ARM = Debug|ARM
		Debug|iPhone = Debug|iPhone
		Debug|iPhoneSimulator = Debug|iPhoneSimulator
		Debug|Mixed Platforms = Debug|Mixed Platforms
		Debug|x86 = Debug|x86
		Release|Any CPU = Release|Any CPU
		Release|ARM = Release|ARM
		Release|iPhone = Release|iPhone
		Release|iPhoneSimulator = Release|iPhoneSimulator
		Release|Mixed Platforms = Release|Mixed Platforms
		Release|x86 = Release|x86
	EndGlobalSection
	GlobalSection(ProjectConfigurationPlatforms) = postSolution
		{38E485E1-A5F9-43D7-8F31-896E0CE890BC}.Ad-Hoc|Any CPU.ActiveCfg = Release|Any CPU
		{38E485E1-A5F9-43D7-8F31-896E0CE890BC}.Ad-Hoc|Any CPU.Build.0 = Release|Any CPU
		{38E485E1-A5F9-43D7-8F31-896E0CE890BC}.Ad-Hoc|ARM.ActiveCfg = Release|Any CPU
		{38E485E1-A5F9-43D7-8F31-896E0CE890BC}.Ad-Hoc|iPhone.ActiveCfg = Release|Any CPU
		{38E485E1-A5F9-43D7-8F31-896E0CE890BC}.Ad-Hoc|iPhoneSimulator.ActiveCfg = Release|Any CPU
		{38E485E1-A5F9-43D7-8F31-896E0CE890BC}.Ad-Hoc|Mixed Platforms.ActiveCfg = Release|Any CPU
		{38E485E1-A5F9-43D7-8F31-896E0CE890BC}.Ad-Hoc|Mixed Platforms.Build.0 = Release|Any CPU
		{38E485E1-A5F9-43D7-8F31-896E0CE890BC}.Ad-Hoc|x86.ActiveCfg = Release|Any CPU
		{38E485E1-A5F9-43D7-8F31-896E0CE890BC}.AppStore|Any CPU.ActiveCfg = Release|Any CPU
		{38E485E1-A5F9-43D7-8F31-896E0CE890BC}.AppStore|Any CPU.Build.0 = Release|Any CPU
		{38E485E1-A5F9-43D7-8F31-896E0CE890BC}.AppStore|ARM.ActiveCfg = Release|Any CPU
		{38E485E1-A5F9-43D7-8F31-896E0CE890BC}.AppStore|iPhone.ActiveCfg = Release|Any CPU
		{38E485E1-A5F9-43D7-8F31-896E0CE890BC}.AppStore|iPhoneSimulator.ActiveCfg = Release|Any CPU
		{38E485E1-A5F9-43D7-8F31-896E0CE890BC}.AppStore|Mixed Platforms.ActiveCfg = Release|Any CPU
		{38E485E1-A5F9-43D7-8F31-896E0CE890BC}.AppStore|Mixed Platforms.Build.0 = Release|Any CPU
		{38E485E1-A5F9-43D7-8F31-896E0CE890BC}.AppStore|x86.ActiveCfg = Release|Any CPU
		{38E485E1-A5F9-43D7-8F31-896E0CE890BC}.Debug|Any CPU.ActiveCfg = Debug|Any CPU
		{38E485E1-A5F9-43D7-8F31-896E0CE890BC}.Debug|Any CPU.Build.0 = Debug|Any CPU
		{38E485E1-A5F9-43D7-8F31-896E0CE890BC}.Debug|ARM.ActiveCfg = Debug|Any CPU
		{38E485E1-A5F9-43D7-8F31-896E0CE890BC}.Debug|ARM.Build.0 = Debug|Any CPU
		{38E485E1-A5F9-43D7-8F31-896E0CE890BC}.Debug|iPhone.ActiveCfg = Debug|Any CPU
		{38E485E1-A5F9-43D7-8F31-896E0CE890BC}.Debug|iPhoneSimulator.ActiveCfg = Debug|Any CPU
		{38E485E1-A5F9-43D7-8F31-896E0CE890BC}.Debug|iPhoneSimulator.Build.0 = Debug|Any CPU
		{38E485E1-A5F9-43D7-8F31-896E0CE890BC}.Debug|Mixed Platforms.ActiveCfg = Debug|Any CPU
		{38E485E1-A5F9-43D7-8F31-896E0CE890BC}.Debug|Mixed Platforms.Build.0 = Debug|Any CPU
		{38E485E1-A5F9-43D7-8F31-896E0CE890BC}.Debug|x86.ActiveCfg = Debug|Any CPU
		{38E485E1-A5F9-43D7-8F31-896E0CE890BC}.Debug|x86.Build.0 = Debug|Any CPU
		{38E485E1-A5F9-43D7-8F31-896E0CE890BC}.Release|Any CPU.ActiveCfg = Release|Any CPU
		{38E485E1-A5F9-43D7-8F31-896E0CE890BC}.Release|Any CPU.Build.0 = Release|Any CPU
		{38E485E1-A5F9-43D7-8F31-896E0CE890BC}.Release|ARM.ActiveCfg = Release|Any CPU
		{38E485E1-A5F9-43D7-8F31-896E0CE890BC}.Release|iPhone.ActiveCfg = Release|Any CPU
		{38E485E1-A5F9-43D7-8F31-896E0CE890BC}.Release|iPhoneSimulator.ActiveCfg = Release|Any CPU
		{38E485E1-A5F9-43D7-8F31-896E0CE890BC}.Release|Mixed Platforms.ActiveCfg = Release|Any CPU
		{38E485E1-A5F9-43D7-8F31-896E0CE890BC}.Release|Mixed Platforms.Build.0 = Release|Any CPU
		{38E485E1-A5F9-43D7-8F31-896E0CE890BC}.Release|x86.ActiveCfg = Release|Any CPU
		{4257B47F-895D-4154-88DD-430A084B2353}.Ad-Hoc|Any CPU.ActiveCfg = Release|Any CPU
		{4257B47F-895D-4154-88DD-430A084B2353}.Ad-Hoc|Any CPU.Build.0 = Release|Any CPU
		{4257B47F-895D-4154-88DD-430A084B2353}.Ad-Hoc|ARM.ActiveCfg = Release|Any CPU
		{4257B47F-895D-4154-88DD-430A084B2353}.Ad-Hoc|iPhone.ActiveCfg = Release|Any CPU
		{4257B47F-895D-4154-88DD-430A084B2353}.Ad-Hoc|iPhoneSimulator.ActiveCfg = Release|Any CPU
		{4257B47F-895D-4154-88DD-430A084B2353}.Ad-Hoc|Mixed Platforms.ActiveCfg = Release|Any CPU
		{4257B47F-895D-4154-88DD-430A084B2353}.Ad-Hoc|Mixed Platforms.Build.0 = Release|Any CPU
		{4257B47F-895D-4154-88DD-430A084B2353}.Ad-Hoc|x86.ActiveCfg = Release|Any CPU
		{4257B47F-895D-4154-88DD-430A084B2353}.AppStore|Any CPU.ActiveCfg = Release|Any CPU
		{4257B47F-895D-4154-88DD-430A084B2353}.AppStore|Any CPU.Build.0 = Release|Any CPU
		{4257B47F-895D-4154-88DD-430A084B2353}.AppStore|ARM.ActiveCfg = Release|Any CPU
		{4257B47F-895D-4154-88DD-430A084B2353}.AppStore|iPhone.ActiveCfg = Release|Any CPU
		{4257B47F-895D-4154-88DD-430A084B2353}.AppStore|iPhoneSimulator.ActiveCfg = Release|Any CPU
		{4257B47F-895D-4154-88DD-430A084B2353}.AppStore|Mixed Platforms.ActiveCfg = Release|Any CPU
		{4257B47F-895D-4154-88DD-430A084B2353}.AppStore|Mixed Platforms.Build.0 = Release|Any CPU
		{4257B47F-895D-4154-88DD-430A084B2353}.AppStore|x86.ActiveCfg = Release|Any CPU
		{4257B47F-895D-4154-88DD-430A084B2353}.Debug|Any CPU.ActiveCfg = Debug|Any CPU
		{4257B47F-895D-4154-88DD-430A084B2353}.Debug|Any CPU.Build.0 = Debug|Any CPU
		{4257B47F-895D-4154-88DD-430A084B2353}.Debug|ARM.ActiveCfg = Debug|Any CPU
		{4257B47F-895D-4154-88DD-430A084B2353}.Debug|ARM.Build.0 = Debug|Any CPU
		{4257B47F-895D-4154-88DD-430A084B2353}.Debug|iPhone.ActiveCfg = Debug|Any CPU
		{4257B47F-895D-4154-88DD-430A084B2353}.Debug|iPhoneSimulator.ActiveCfg = Debug|Any CPU
		{4257B47F-895D-4154-88DD-430A084B2353}.Debug|iPhoneSimulator.Build.0 = Debug|Any CPU
		{4257B47F-895D-4154-88DD-430A084B2353}.Debug|Mixed Platforms.ActiveCfg = Debug|Any CPU
		{4257B47F-895D-4154-88DD-430A084B2353}.Debug|Mixed Platforms.Build.0 = Debug|Any CPU
		{4257B47F-895D-4154-88DD-430A084B2353}.Debug|x86.ActiveCfg = Debug|Any CPU
		{4257B47F-895D-4154-88DD-430A084B2353}.Debug|x86.Build.0 = Debug|Any CPU
		{4257B47F-895D-4154-88DD-430A084B2353}.Release|Any CPU.ActiveCfg = Release|Any CPU
		{4257B47F-895D-4154-88DD-430A084B2353}.Release|Any CPU.Build.0 = Release|Any CPU
		{4257B47F-895D-4154-88DD-430A084B2353}.Release|ARM.ActiveCfg = Release|Any CPU
		{4257B47F-895D-4154-88DD-430A084B2353}.Release|iPhone.ActiveCfg = Release|Any CPU
		{4257B47F-895D-4154-88DD-430A084B2353}.Release|iPhoneSimulator.ActiveCfg = Release|Any CPU
		{4257B47F-895D-4154-88DD-430A084B2353}.Release|Mixed Platforms.ActiveCfg = Release|Any CPU
		{4257B47F-895D-4154-88DD-430A084B2353}.Release|Mixed Platforms.Build.0 = Release|Any CPU
		{4257B47F-895D-4154-88DD-430A084B2353}.Release|x86.ActiveCfg = Release|Any CPU
		{7CCBEEDB-324D-43DC-84FD-5A19C26050C9}.Ad-Hoc|Any CPU.ActiveCfg = Ad-Hoc|iPhone
		{7CCBEEDB-324D-43DC-84FD-5A19C26050C9}.Ad-Hoc|ARM.ActiveCfg = Ad-Hoc|iPhone
		{7CCBEEDB-324D-43DC-84FD-5A19C26050C9}.Ad-Hoc|iPhone.ActiveCfg = Ad-Hoc|iPhone
		{7CCBEEDB-324D-43DC-84FD-5A19C26050C9}.Ad-Hoc|iPhone.Build.0 = Ad-Hoc|iPhone
		{7CCBEEDB-324D-43DC-84FD-5A19C26050C9}.Ad-Hoc|iPhoneSimulator.ActiveCfg = Ad-Hoc|iPhoneSimulator
		{7CCBEEDB-324D-43DC-84FD-5A19C26050C9}.Ad-Hoc|iPhoneSimulator.Build.0 = Ad-Hoc|iPhoneSimulator
		{7CCBEEDB-324D-43DC-84FD-5A19C26050C9}.Ad-Hoc|Mixed Platforms.ActiveCfg = Ad-Hoc|iPhone
		{7CCBEEDB-324D-43DC-84FD-5A19C26050C9}.Ad-Hoc|Mixed Platforms.Build.0 = Ad-Hoc|iPhone
		{7CCBEEDB-324D-43DC-84FD-5A19C26050C9}.Ad-Hoc|x86.ActiveCfg = Ad-Hoc|iPhone
		{7CCBEEDB-324D-43DC-84FD-5A19C26050C9}.AppStore|Any CPU.ActiveCfg = AppStore|iPhone
		{7CCBEEDB-324D-43DC-84FD-5A19C26050C9}.AppStore|ARM.ActiveCfg = AppStore|iPhone
		{7CCBEEDB-324D-43DC-84FD-5A19C26050C9}.AppStore|iPhone.ActiveCfg = AppStore|iPhone
		{7CCBEEDB-324D-43DC-84FD-5A19C26050C9}.AppStore|iPhone.Build.0 = AppStore|iPhone
		{7CCBEEDB-324D-43DC-84FD-5A19C26050C9}.AppStore|iPhoneSimulator.ActiveCfg = AppStore|iPhoneSimulator
		{7CCBEEDB-324D-43DC-84FD-5A19C26050C9}.AppStore|iPhoneSimulator.Build.0 = AppStore|iPhoneSimulator
		{7CCBEEDB-324D-43DC-84FD-5A19C26050C9}.AppStore|Mixed Platforms.ActiveCfg = AppStore|iPhone
		{7CCBEEDB-324D-43DC-84FD-5A19C26050C9}.AppStore|Mixed Platforms.Build.0 = AppStore|iPhone
		{7CCBEEDB-324D-43DC-84FD-5A19C26050C9}.AppStore|x86.ActiveCfg = AppStore|iPhone
		{7CCBEEDB-324D-43DC-84FD-5A19C26050C9}.Debug|Any CPU.ActiveCfg = Debug|iPhone
		{7CCBEEDB-324D-43DC-84FD-5A19C26050C9}.Debug|ARM.ActiveCfg = Debug|iPhone
		{7CCBEEDB-324D-43DC-84FD-5A19C26050C9}.Debug|ARM.Build.0 = Debug|iPhone
		{7CCBEEDB-324D-43DC-84FD-5A19C26050C9}.Debug|iPhone.ActiveCfg = Debug|iPhone
		{7CCBEEDB-324D-43DC-84FD-5A19C26050C9}.Debug|iPhone.Build.0 = Debug|iPhone
		{7CCBEEDB-324D-43DC-84FD-5A19C26050C9}.Debug|iPhoneSimulator.ActiveCfg = Debug|iPhoneSimulator
		{7CCBEEDB-324D-43DC-84FD-5A19C26050C9}.Debug|iPhoneSimulator.Build.0 = Debug|iPhoneSimulator
		{7CCBEEDB-324D-43DC-84FD-5A19C26050C9}.Debug|Mixed Platforms.ActiveCfg = Debug|iPhone
		{7CCBEEDB-324D-43DC-84FD-5A19C26050C9}.Debug|Mixed Platforms.Build.0 = Debug|iPhone
		{7CCBEEDB-324D-43DC-84FD-5A19C26050C9}.Debug|x86.ActiveCfg = Debug|iPhone
		{7CCBEEDB-324D-43DC-84FD-5A19C26050C9}.Debug|x86.Build.0 = Debug|iPhone
		{7CCBEEDB-324D-43DC-84FD-5A19C26050C9}.Release|Any CPU.ActiveCfg = Release|iPhone
		{7CCBEEDB-324D-43DC-84FD-5A19C26050C9}.Release|ARM.ActiveCfg = Release|iPhone
		{7CCBEEDB-324D-43DC-84FD-5A19C26050C9}.Release|iPhone.ActiveCfg = Release|iPhone
		{7CCBEEDB-324D-43DC-84FD-5A19C26050C9}.Release|iPhone.Build.0 = Release|iPhone
		{7CCBEEDB-324D-43DC-84FD-5A19C26050C9}.Release|iPhoneSimulator.ActiveCfg = Release|iPhoneSimulator
		{7CCBEEDB-324D-43DC-84FD-5A19C26050C9}.Release|iPhoneSimulator.Build.0 = Release|iPhoneSimulator
		{7CCBEEDB-324D-43DC-84FD-5A19C26050C9}.Release|Mixed Platforms.ActiveCfg = Release|iPhone
		{7CCBEEDB-324D-43DC-84FD-5A19C26050C9}.Release|Mixed Platforms.Build.0 = Release|iPhone
		{7CCBEEDB-324D-43DC-84FD-5A19C26050C9}.Release|x86.ActiveCfg = Release|iPhone
		{90C1FF49-B715-450F-8E74-6ED4F4C3C990}.Ad-Hoc|Any CPU.ActiveCfg = Release|Any CPU
		{90C1FF49-B715-450F-8E74-6ED4F4C3C990}.Ad-Hoc|Any CPU.Build.0 = Release|Any CPU
		{90C1FF49-B715-450F-8E74-6ED4F4C3C990}.Ad-Hoc|Any CPU.Deploy.0 = Release|Any CPU
		{90C1FF49-B715-450F-8E74-6ED4F4C3C990}.Ad-Hoc|ARM.ActiveCfg = Release|Any CPU
		{90C1FF49-B715-450F-8E74-6ED4F4C3C990}.Ad-Hoc|iPhone.ActiveCfg = Release|Any CPU
		{90C1FF49-B715-450F-8E74-6ED4F4C3C990}.Ad-Hoc|iPhoneSimulator.ActiveCfg = Release|Any CPU
		{90C1FF49-B715-450F-8E74-6ED4F4C3C990}.Ad-Hoc|Mixed Platforms.ActiveCfg = Release|Any CPU
		{90C1FF49-B715-450F-8E74-6ED4F4C3C990}.Ad-Hoc|Mixed Platforms.Build.0 = Release|Any CPU
		{90C1FF49-B715-450F-8E74-6ED4F4C3C990}.Ad-Hoc|Mixed Platforms.Deploy.0 = Release|Any CPU
		{90C1FF49-B715-450F-8E74-6ED4F4C3C990}.Ad-Hoc|x86.ActiveCfg = Release|Any CPU
		{90C1FF49-B715-450F-8E74-6ED4F4C3C990}.AppStore|Any CPU.ActiveCfg = Release|Any CPU
		{90C1FF49-B715-450F-8E74-6ED4F4C3C990}.AppStore|Any CPU.Build.0 = Release|Any CPU
		{90C1FF49-B715-450F-8E74-6ED4F4C3C990}.AppStore|Any CPU.Deploy.0 = Release|Any CPU
		{90C1FF49-B715-450F-8E74-6ED4F4C3C990}.AppStore|ARM.ActiveCfg = Release|Any CPU
		{90C1FF49-B715-450F-8E74-6ED4F4C3C990}.AppStore|iPhone.ActiveCfg = Release|Any CPU
		{90C1FF49-B715-450F-8E74-6ED4F4C3C990}.AppStore|iPhoneSimulator.ActiveCfg = Release|Any CPU
		{90C1FF49-B715-450F-8E74-6ED4F4C3C990}.AppStore|Mixed Platforms.ActiveCfg = Release|Any CPU
		{90C1FF49-B715-450F-8E74-6ED4F4C3C990}.AppStore|Mixed Platforms.Build.0 = Release|Any CPU
		{90C1FF49-B715-450F-8E74-6ED4F4C3C990}.AppStore|Mixed Platforms.Deploy.0 = Release|Any CPU
		{90C1FF49-B715-450F-8E74-6ED4F4C3C990}.AppStore|x86.ActiveCfg = Release|Any CPU
		{90C1FF49-B715-450F-8E74-6ED4F4C3C990}.Debug|Any CPU.ActiveCfg = Debug|Any CPU
		{90C1FF49-B715-450F-8E74-6ED4F4C3C990}.Debug|Any CPU.Build.0 = Debug|Any CPU
		{90C1FF49-B715-450F-8E74-6ED4F4C3C990}.Debug|Any CPU.Deploy.0 = Debug|Any CPU
		{90C1FF49-B715-450F-8E74-6ED4F4C3C990}.Debug|ARM.ActiveCfg = Debug|Any CPU
		{90C1FF49-B715-450F-8E74-6ED4F4C3C990}.Debug|ARM.Build.0 = Debug|Any CPU
		{90C1FF49-B715-450F-8E74-6ED4F4C3C990}.Debug|ARM.Deploy.0 = Debug|Any CPU
		{90C1FF49-B715-450F-8E74-6ED4F4C3C990}.Debug|iPhone.ActiveCfg = Debug|Any CPU
		{90C1FF49-B715-450F-8E74-6ED4F4C3C990}.Debug|iPhoneSimulator.ActiveCfg = Debug|Any CPU
		{90C1FF49-B715-450F-8E74-6ED4F4C3C990}.Debug|iPhoneSimulator.Build.0 = Debug|Any CPU
		{90C1FF49-B715-450F-8E74-6ED4F4C3C990}.Debug|iPhoneSimulator.Deploy.0 = Debug|Any CPU
		{90C1FF49-B715-450F-8E74-6ED4F4C3C990}.Debug|Mixed Platforms.ActiveCfg = Debug|Any CPU
		{90C1FF49-B715-450F-8E74-6ED4F4C3C990}.Debug|Mixed Platforms.Build.0 = Debug|Any CPU
		{90C1FF49-B715-450F-8E74-6ED4F4C3C990}.Debug|Mixed Platforms.Deploy.0 = Debug|Any CPU
		{90C1FF49-B715-450F-8E74-6ED4F4C3C990}.Debug|x86.ActiveCfg = Debug|Any CPU
		{90C1FF49-B715-450F-8E74-6ED4F4C3C990}.Debug|x86.Build.0 = Debug|Any CPU
		{90C1FF49-B715-450F-8E74-6ED4F4C3C990}.Debug|x86.Deploy.0 = Debug|Any CPU
		{90C1FF49-B715-450F-8E74-6ED4F4C3C990}.Release|Any CPU.ActiveCfg = Release|Any CPU
		{90C1FF49-B715-450F-8E74-6ED4F4C3C990}.Release|Any CPU.Build.0 = Release|Any CPU
		{90C1FF49-B715-450F-8E74-6ED4F4C3C990}.Release|Any CPU.Deploy.0 = Release|Any CPU
		{90C1FF49-B715-450F-8E74-6ED4F4C3C990}.Release|ARM.ActiveCfg = Release|Any CPU
		{90C1FF49-B715-450F-8E74-6ED4F4C3C990}.Release|iPhone.ActiveCfg = Release|Any CPU
		{90C1FF49-B715-450F-8E74-6ED4F4C3C990}.Release|iPhoneSimulator.ActiveCfg = Release|Any CPU
		{90C1FF49-B715-450F-8E74-6ED4F4C3C990}.Release|Mixed Platforms.ActiveCfg = Release|Any CPU
		{90C1FF49-B715-450F-8E74-6ED4F4C3C990}.Release|Mixed Platforms.Build.0 = Release|Any CPU
		{90C1FF49-B715-450F-8E74-6ED4F4C3C990}.Release|Mixed Platforms.Deploy.0 = Release|Any CPU
		{90C1FF49-B715-450F-8E74-6ED4F4C3C990}.Release|x86.ActiveCfg = Release|Any CPU
		{B40B9C14-B691-488A-A998-3C437D3805BE}.Ad-Hoc|Any CPU.ActiveCfg = Release|Any CPU
		{B40B9C14-B691-488A-A998-3C437D3805BE}.Ad-Hoc|Any CPU.Build.0 = Release|Any CPU
		{B40B9C14-B691-488A-A998-3C437D3805BE}.Ad-Hoc|ARM.ActiveCfg = Release|Any CPU
		{B40B9C14-B691-488A-A998-3C437D3805BE}.Ad-Hoc|iPhone.ActiveCfg = Release|Any CPU
		{B40B9C14-B691-488A-A998-3C437D3805BE}.Ad-Hoc|iPhoneSimulator.ActiveCfg = Release|Any CPU
		{B40B9C14-B691-488A-A998-3C437D3805BE}.Ad-Hoc|Mixed Platforms.ActiveCfg = Release|Any CPU
		{B40B9C14-B691-488A-A998-3C437D3805BE}.Ad-Hoc|Mixed Platforms.Build.0 = Release|Any CPU
		{B40B9C14-B691-488A-A998-3C437D3805BE}.Ad-Hoc|x86.ActiveCfg = Release|Any CPU
		{B40B9C14-B691-488A-A998-3C437D3805BE}.AppStore|Any CPU.ActiveCfg = Release|Any CPU
		{B40B9C14-B691-488A-A998-3C437D3805BE}.AppStore|Any CPU.Build.0 = Release|Any CPU
		{B40B9C14-B691-488A-A998-3C437D3805BE}.AppStore|ARM.ActiveCfg = Release|Any CPU
		{B40B9C14-B691-488A-A998-3C437D3805BE}.AppStore|iPhone.ActiveCfg = Release|Any CPU
		{B40B9C14-B691-488A-A998-3C437D3805BE}.AppStore|iPhoneSimulator.ActiveCfg = Release|Any CPU
		{B40B9C14-B691-488A-A998-3C437D3805BE}.AppStore|Mixed Platforms.ActiveCfg = Release|Any CPU
		{B40B9C14-B691-488A-A998-3C437D3805BE}.AppStore|Mixed Platforms.Build.0 = Release|Any CPU
		{B40B9C14-B691-488A-A998-3C437D3805BE}.AppStore|x86.ActiveCfg = Release|Any CPU
		{B40B9C14-B691-488A-A998-3C437D3805BE}.Debug|Any CPU.ActiveCfg = Debug|Any CPU
		{B40B9C14-B691-488A-A998-3C437D3805BE}.Debug|Any CPU.Build.0 = Debug|Any CPU
		{B40B9C14-B691-488A-A998-3C437D3805BE}.Debug|ARM.ActiveCfg = Debug|Any CPU
		{B40B9C14-B691-488A-A998-3C437D3805BE}.Debug|ARM.Build.0 = Debug|Any CPU
		{B40B9C14-B691-488A-A998-3C437D3805BE}.Debug|iPhone.ActiveCfg = Debug|Any CPU
		{B40B9C14-B691-488A-A998-3C437D3805BE}.Debug|iPhoneSimulator.ActiveCfg = Debug|Any CPU
		{B40B9C14-B691-488A-A998-3C437D3805BE}.Debug|iPhoneSimulator.Build.0 = Debug|Any CPU
		{B40B9C14-B691-488A-A998-3C437D3805BE}.Debug|Mixed Platforms.ActiveCfg = Debug|Any CPU
		{B40B9C14-B691-488A-A998-3C437D3805BE}.Debug|Mixed Platforms.Build.0 = Debug|Any CPU
		{B40B9C14-B691-488A-A998-3C437D3805BE}.Debug|x86.ActiveCfg = Debug|Any CPU
		{B40B9C14-B691-488A-A998-3C437D3805BE}.Debug|x86.Build.0 = Debug|Any CPU
		{B40B9C14-B691-488A-A998-3C437D3805BE}.Release|Any CPU.ActiveCfg = Release|Any CPU
		{B40B9C14-B691-488A-A998-3C437D3805BE}.Release|Any CPU.Build.0 = Release|Any CPU
		{B40B9C14-B691-488A-A998-3C437D3805BE}.Release|ARM.ActiveCfg = Release|Any CPU
		{B40B9C14-B691-488A-A998-3C437D3805BE}.Release|iPhone.ActiveCfg = Release|Any CPU
		{B40B9C14-B691-488A-A998-3C437D3805BE}.Release|iPhoneSimulator.ActiveCfg = Release|Any CPU
		{B40B9C14-B691-488A-A998-3C437D3805BE}.Release|Mixed Platforms.ActiveCfg = Release|Any CPU
		{B40B9C14-B691-488A-A998-3C437D3805BE}.Release|Mixed Platforms.Build.0 = Release|Any CPU
		{B40B9C14-B691-488A-A998-3C437D3805BE}.Release|x86.ActiveCfg = Release|Any CPU
		{C9BF19D4-B0A4-4A26-8D20-360834E8C19A}.Ad-Hoc|Any CPU.ActiveCfg = Release|Any CPU
		{C9BF19D4-B0A4-4A26-8D20-360834E8C19A}.Ad-Hoc|Any CPU.Build.0 = Release|Any CPU
		{C9BF19D4-B0A4-4A26-8D20-360834E8C19A}.Ad-Hoc|Any CPU.Deploy.0 = Release|Any CPU
		{C9BF19D4-B0A4-4A26-8D20-360834E8C19A}.Ad-Hoc|ARM.ActiveCfg = Release|ARM
		{C9BF19D4-B0A4-4A26-8D20-360834E8C19A}.Ad-Hoc|ARM.Build.0 = Release|ARM
		{C9BF19D4-B0A4-4A26-8D20-360834E8C19A}.Ad-Hoc|ARM.Deploy.0 = Release|ARM
		{C9BF19D4-B0A4-4A26-8D20-360834E8C19A}.Ad-Hoc|iPhone.ActiveCfg = Release|Any CPU
		{C9BF19D4-B0A4-4A26-8D20-360834E8C19A}.Ad-Hoc|iPhoneSimulator.ActiveCfg = Release|Any CPU
		{C9BF19D4-B0A4-4A26-8D20-360834E8C19A}.Ad-Hoc|Mixed Platforms.ActiveCfg = Release|x86
		{C9BF19D4-B0A4-4A26-8D20-360834E8C19A}.Ad-Hoc|Mixed Platforms.Build.0 = Release|x86
		{C9BF19D4-B0A4-4A26-8D20-360834E8C19A}.Ad-Hoc|Mixed Platforms.Deploy.0 = Release|x86
		{C9BF19D4-B0A4-4A26-8D20-360834E8C19A}.Ad-Hoc|x86.ActiveCfg = Release|x86
		{C9BF19D4-B0A4-4A26-8D20-360834E8C19A}.Ad-Hoc|x86.Build.0 = Release|x86
		{C9BF19D4-B0A4-4A26-8D20-360834E8C19A}.Ad-Hoc|x86.Deploy.0 = Release|x86
		{C9BF19D4-B0A4-4A26-8D20-360834E8C19A}.AppStore|Any CPU.ActiveCfg = Release|Any CPU
		{C9BF19D4-B0A4-4A26-8D20-360834E8C19A}.AppStore|Any CPU.Build.0 = Release|Any CPU
		{C9BF19D4-B0A4-4A26-8D20-360834E8C19A}.AppStore|Any CPU.Deploy.0 = Release|Any CPU
		{C9BF19D4-B0A4-4A26-8D20-360834E8C19A}.AppStore|ARM.ActiveCfg = Release|ARM
		{C9BF19D4-B0A4-4A26-8D20-360834E8C19A}.AppStore|ARM.Build.0 = Release|ARM
		{C9BF19D4-B0A4-4A26-8D20-360834E8C19A}.AppStore|ARM.Deploy.0 = Release|ARM
		{C9BF19D4-B0A4-4A26-8D20-360834E8C19A}.AppStore|iPhone.ActiveCfg = Release|Any CPU
		{C9BF19D4-B0A4-4A26-8D20-360834E8C19A}.AppStore|iPhoneSimulator.ActiveCfg = Release|Any CPU
		{C9BF19D4-B0A4-4A26-8D20-360834E8C19A}.AppStore|Mixed Platforms.ActiveCfg = Release|x86
		{C9BF19D4-B0A4-4A26-8D20-360834E8C19A}.AppStore|Mixed Platforms.Build.0 = Release|x86
		{C9BF19D4-B0A4-4A26-8D20-360834E8C19A}.AppStore|Mixed Platforms.Deploy.0 = Release|x86
		{C9BF19D4-B0A4-4A26-8D20-360834E8C19A}.AppStore|x86.ActiveCfg = Release|x86
		{C9BF19D4-B0A4-4A26-8D20-360834E8C19A}.AppStore|x86.Build.0 = Release|x86
		{C9BF19D4-B0A4-4A26-8D20-360834E8C19A}.AppStore|x86.Deploy.0 = Release|x86
		{C9BF19D4-B0A4-4A26-8D20-360834E8C19A}.Debug|Any CPU.ActiveCfg = Debug|Any CPU
		{C9BF19D4-B0A4-4A26-8D20-360834E8C19A}.Debug|Any CPU.Build.0 = Debug|Any CPU
		{C9BF19D4-B0A4-4A26-8D20-360834E8C19A}.Debug|Any CPU.Deploy.0 = Debug|Any CPU
		{C9BF19D4-B0A4-4A26-8D20-360834E8C19A}.Debug|ARM.ActiveCfg = Debug|ARM
		{C9BF19D4-B0A4-4A26-8D20-360834E8C19A}.Debug|ARM.Build.0 = Debug|ARM
		{C9BF19D4-B0A4-4A26-8D20-360834E8C19A}.Debug|ARM.Deploy.0 = Debug|ARM
		{C9BF19D4-B0A4-4A26-8D20-360834E8C19A}.Debug|iPhone.ActiveCfg = Debug|Any CPU
		{C9BF19D4-B0A4-4A26-8D20-360834E8C19A}.Debug|iPhoneSimulator.ActiveCfg = Debug|Any CPU
		{C9BF19D4-B0A4-4A26-8D20-360834E8C19A}.Debug|iPhoneSimulator.Build.0 = Debug|Any CPU
		{C9BF19D4-B0A4-4A26-8D20-360834E8C19A}.Debug|iPhoneSimulator.Deploy.0 = Debug|Any CPU
		{C9BF19D4-B0A4-4A26-8D20-360834E8C19A}.Debug|Mixed Platforms.ActiveCfg = Debug|x86
		{C9BF19D4-B0A4-4A26-8D20-360834E8C19A}.Debug|Mixed Platforms.Build.0 = Debug|x86
		{C9BF19D4-B0A4-4A26-8D20-360834E8C19A}.Debug|Mixed Platforms.Deploy.0 = Debug|x86
		{C9BF19D4-B0A4-4A26-8D20-360834E8C19A}.Debug|x86.ActiveCfg = Debug|x86
		{C9BF19D4-B0A4-4A26-8D20-360834E8C19A}.Debug|x86.Build.0 = Debug|x86
		{C9BF19D4-B0A4-4A26-8D20-360834E8C19A}.Debug|x86.Deploy.0 = Debug|x86
		{C9BF19D4-B0A4-4A26-8D20-360834E8C19A}.Release|Any CPU.ActiveCfg = Release|Any CPU
		{C9BF19D4-B0A4-4A26-8D20-360834E8C19A}.Release|Any CPU.Build.0 = Release|Any CPU
		{C9BF19D4-B0A4-4A26-8D20-360834E8C19A}.Release|Any CPU.Deploy.0 = Release|Any CPU
		{C9BF19D4-B0A4-4A26-8D20-360834E8C19A}.Release|ARM.ActiveCfg = Release|ARM
		{C9BF19D4-B0A4-4A26-8D20-360834E8C19A}.Release|ARM.Build.0 = Release|ARM
		{C9BF19D4-B0A4-4A26-8D20-360834E8C19A}.Release|ARM.Deploy.0 = Release|ARM
		{C9BF19D4-B0A4-4A26-8D20-360834E8C19A}.Release|iPhone.ActiveCfg = Release|Any CPU
		{C9BF19D4-B0A4-4A26-8D20-360834E8C19A}.Release|iPhoneSimulator.ActiveCfg = Release|Any CPU
		{C9BF19D4-B0A4-4A26-8D20-360834E8C19A}.Release|Mixed Platforms.ActiveCfg = Release|x86
		{C9BF19D4-B0A4-4A26-8D20-360834E8C19A}.Release|Mixed Platforms.Build.0 = Release|x86
		{C9BF19D4-B0A4-4A26-8D20-360834E8C19A}.Release|Mixed Platforms.Deploy.0 = Release|x86
		{C9BF19D4-B0A4-4A26-8D20-360834E8C19A}.Release|x86.ActiveCfg = Release|x86
		{C9BF19D4-B0A4-4A26-8D20-360834E8C19A}.Release|x86.Build.0 = Release|x86
		{C9BF19D4-B0A4-4A26-8D20-360834E8C19A}.Release|x86.Deploy.0 = Release|x86
	EndGlobalSection
	GlobalSection(NestedProjects) = preSolution
		{7CCBEEDB-324D-43DC-84FD-5A19C26050C9} = {A00851EE-4498-4D67-91FF-76F7AF8BE34A}
		{90C1FF49-B715-450F-8E74-6ED4F4C3C990} = {A00851EE-4498-4D67-91FF-76F7AF8BE34A}
		{C9BF19D4-B0A4-4A26-8D20-360834E8C19A} = {A00851EE-4498-4D67-91FF-76F7AF8BE34A}
	EndGlobalSection
	GlobalSection(SolutionProperties) = preSolution
		HideSolutionNode = FALSE
	EndGlobalSection
EndGlobal
