
Microsoft Visual Studio Solution File, Format Version 12.00
# Visual Studio 2013
VisualStudioVersion = 12.0.30723.0
MinimumVisualStudioVersion = 10.0.40219.1
Project("{FAE04EC0-301F-11D3-BF4B-00C04F79EFBC}") = "ScorePredict", "ScorePredict\ScorePredict\ScorePredict.csproj", "{50687F01-560E-4966-B788-35AFF4ADA3F1}"
EndProject
Project("{FAE04EC0-301F-11D3-BF4B-00C04F79EFBC}") = "ScorePredict.iOS", "ScorePredict\ScorePredict.iOS\ScorePredict.iOS.csproj", "{F52E66E1-E5AB-4001-9CD5-29D6B68EE2B3}"
EndProject
Project("{FAE04EC0-301F-11D3-BF4B-00C04F79EFBC}") = "ScorePredict.Android", "ScorePredict\ScorePredict.Android\ScorePredict.Android.csproj", "{2C46A7B0-EFCF-4205-ADAA-0F5A8B196083}"
EndProject
Project("{FAE04EC0-301F-11D3-BF4B-00C04F79EFBC}") = "ScorePredict.WinPhone", "ScorePredict\ScorePredict.WinPhone\ScorePredict.WinPhone.csproj", "{E7D40F65-67B6-480B-BBB9-39024B2616EA}"
EndProject
Global
	GlobalSection(SolutionConfigurationPlatforms) = preSolution
		Ad-Hoc|Any CPU = Ad-Hoc|Any CPU
		Ad-Hoc|ARM = Ad-Hoc|ARM
		Ad-Hoc|iPhone = Ad-Hoc|iPhone
		Ad-Hoc|iPhoneSimulator = Ad-Hoc|iPhoneSimulator
		Ad-Hoc|Mixed Platforms = Ad-Hoc|Mixed Platforms
		Ad-Hoc|x86 = Ad-Hoc|x86
		AppStore|Any CPU = AppStore|Any CPU
		AppStore|ARM = AppStore|ARM
		AppStore|iPhone = AppStore|iPhone
		AppStore|iPhoneSimulator = AppStore|iPhoneSimulator
		AppStore|Mixed Platforms = AppStore|Mixed Platforms
		AppStore|x86 = AppStore|x86
		Debug|Any CPU = Debug|Any CPU
		Debug|ARM = Debug|ARM
		Debug|iPhone = Debug|iPhone
		Debug|iPhoneSimulator = Debug|iPhoneSimulator
		Debug|Mixed Platforms = Debug|Mixed Platforms
		Debug|x86 = Debug|x86
		Release|Any CPU = Release|Any CPU
		Release|ARM = Release|ARM
		Release|iPhone = Release|iPhone
		Release|iPhoneSimulator = Release|iPhoneSimulator
		Release|Mixed Platforms = Release|Mixed Platforms
		Release|x86 = Release|x86
	EndGlobalSection
	GlobalSection(ProjectConfigurationPlatforms) = postSolution
		{50687F01-560E-4966-B788-35AFF4ADA3F1}.Ad-Hoc|Any CPU.ActiveCfg = Release|Any CPU
		{50687F01-560E-4966-B788-35AFF4ADA3F1}.Ad-Hoc|Any CPU.Build.0 = Release|Any CPU
		{50687F01-560E-4966-B788-35AFF4ADA3F1}.Ad-Hoc|ARM.ActiveCfg = Release|Any CPU
		{50687F01-560E-4966-B788-35AFF4ADA3F1}.Ad-Hoc|iPhone.ActiveCfg = Release|Any CPU
		{50687F01-560E-4966-B788-35AFF4ADA3F1}.Ad-Hoc|iPhoneSimulator.ActiveCfg = Release|Any CPU
		{50687F01-560E-4966-B788-35AFF4ADA3F1}.Ad-Hoc|Mixed Platforms.ActiveCfg = Release|Any CPU
		{50687F01-560E-4966-B788-35AFF4ADA3F1}.Ad-Hoc|Mixed Platforms.Build.0 = Release|Any CPU
		{50687F01-560E-4966-B788-35AFF4ADA3F1}.Ad-Hoc|x86.ActiveCfg = Release|Any CPU
		{50687F01-560E-4966-B788-35AFF4ADA3F1}.AppStore|Any CPU.ActiveCfg = Release|Any CPU
		{50687F01-560E-4966-B788-35AFF4ADA3F1}.AppStore|Any CPU.Build.0 = Release|Any CPU
		{50687F01-560E-4966-B788-35AFF4ADA3F1}.AppStore|ARM.ActiveCfg = Release|Any CPU
		{50687F01-560E-4966-B788-35AFF4ADA3F1}.AppStore|iPhone.ActiveCfg = Release|Any CPU
		{50687F01-560E-4966-B788-35AFF4ADA3F1}.AppStore|iPhoneSimulator.ActiveCfg = Release|Any CPU
		{50687F01-560E-4966-B788-35AFF4ADA3F1}.AppStore|Mixed Platforms.ActiveCfg = Release|Any CPU
		{50687F01-560E-4966-B788-35AFF4ADA3F1}.AppStore|Mixed Platforms.Build.0 = Release|Any CPU
		{50687F01-560E-4966-B788-35AFF4ADA3F1}.AppStore|x86.ActiveCfg = Release|Any CPU
		{50687F01-560E-4966-B788-35AFF4ADA3F1}.Debug|Any CPU.ActiveCfg = Debug|Any CPU
		{50687F01-560E-4966-B788-35AFF4ADA3F1}.Debug|Any CPU.Build.0 = Debug|Any CPU
		{50687F01-560E-4966-B788-35AFF4ADA3F1}.Debug|ARM.ActiveCfg = Debug|Any CPU
		{50687F01-560E-4966-B788-35AFF4ADA3F1}.Debug|iPhone.ActiveCfg = Debug|Any CPU
		{50687F01-560E-4966-B788-35AFF4ADA3F1}.Debug|iPhoneSimulator.ActiveCfg = Debug|Any CPU
		{50687F01-560E-4966-B788-35AFF4ADA3F1}.Debug|Mixed Platforms.ActiveCfg = Debug|Any CPU
		{50687F01-560E-4966-B788-35AFF4ADA3F1}.Debug|Mixed Platforms.Build.0 = Debug|Any CPU
		{50687F01-560E-4966-B788-35AFF4ADA3F1}.Debug|x86.ActiveCfg = Debug|Any CPU
		{50687F01-560E-4966-B788-35AFF4ADA3F1}.Release|Any CPU.ActiveCfg = Release|Any CPU
		{50687F01-560E-4966-B788-35AFF4ADA3F1}.Release|Any CPU.Build.0 = Release|Any CPU
		{50687F01-560E-4966-B788-35AFF4ADA3F1}.Release|ARM.ActiveCfg = Release|Any CPU
		{50687F01-560E-4966-B788-35AFF4ADA3F1}.Release|iPhone.ActiveCfg = Release|Any CPU
		{50687F01-560E-4966-B788-35AFF4ADA3F1}.Release|iPhoneSimulator.ActiveCfg = Release|Any CPU
		{50687F01-560E-4966-B788-35AFF4ADA3F1}.Release|Mixed Platforms.ActiveCfg = Release|Any CPU
		{50687F01-560E-4966-B788-35AFF4ADA3F1}.Release|Mixed Platforms.Build.0 = Release|Any CPU
		{50687F01-560E-4966-B788-35AFF4ADA3F1}.Release|x86.ActiveCfg = Release|Any CPU
		{F52E66E1-E5AB-4001-9CD5-29D6B68EE2B3}.Ad-Hoc|Any CPU.ActiveCfg = Ad-Hoc|iPhone
		{F52E66E1-E5AB-4001-9CD5-29D6B68EE2B3}.Ad-Hoc|ARM.ActiveCfg = Ad-Hoc|iPhone
		{F52E66E1-E5AB-4001-9CD5-29D6B68EE2B3}.Ad-Hoc|iPhone.ActiveCfg = Ad-Hoc|iPhone
		{F52E66E1-E5AB-4001-9CD5-29D6B68EE2B3}.Ad-Hoc|iPhone.Build.0 = Ad-Hoc|iPhone
		{F52E66E1-E5AB-4001-9CD5-29D6B68EE2B3}.Ad-Hoc|iPhoneSimulator.ActiveCfg = Ad-Hoc|iPhoneSimulator
		{F52E66E1-E5AB-4001-9CD5-29D6B68EE2B3}.Ad-Hoc|iPhoneSimulator.Build.0 = Ad-Hoc|iPhoneSimulator
		{F52E66E1-E5AB-4001-9CD5-29D6B68EE2B3}.Ad-Hoc|Mixed Platforms.ActiveCfg = Ad-Hoc|iPhone
		{F52E66E1-E5AB-4001-9CD5-29D6B68EE2B3}.Ad-Hoc|Mixed Platforms.Build.0 = Ad-Hoc|iPhone
		{F52E66E1-E5AB-4001-9CD5-29D6B68EE2B3}.Ad-Hoc|x86.ActiveCfg = Ad-Hoc|iPhone
		{F52E66E1-E5AB-4001-9CD5-29D6B68EE2B3}.AppStore|Any CPU.ActiveCfg = AppStore|iPhone
		{F52E66E1-E5AB-4001-9CD5-29D6B68EE2B3}.AppStore|ARM.ActiveCfg = AppStore|iPhone
		{F52E66E1-E5AB-4001-9CD5-29D6B68EE2B3}.AppStore|iPhone.ActiveCfg = AppStore|iPhone
		{F52E66E1-E5AB-4001-9CD5-29D6B68EE2B3}.AppStore|iPhone.Build.0 = AppStore|iPhone
		{F52E66E1-E5AB-4001-9CD5-29D6B68EE2B3}.AppStore|iPhoneSimulator.ActiveCfg = AppStore|iPhoneSimulator
		{F52E66E1-E5AB-4001-9CD5-29D6B68EE2B3}.AppStore|iPhoneSimulator.Build.0 = AppStore|iPhoneSimulator
		{F52E66E1-E5AB-4001-9CD5-29D6B68EE2B3}.AppStore|Mixed Platforms.ActiveCfg = AppStore|iPhone
		{F52E66E1-E5AB-4001-9CD5-29D6B68EE2B3}.AppStore|Mixed Platforms.Build.0 = AppStore|iPhone
		{F52E66E1-E5AB-4001-9CD5-29D6B68EE2B3}.AppStore|x86.ActiveCfg = AppStore|iPhone
		{F52E66E1-E5AB-4001-9CD5-29D6B68EE2B3}.Debug|Any CPU.ActiveCfg = Debug|iPhone
		{F52E66E1-E5AB-4001-9CD5-29D6B68EE2B3}.Debug|ARM.ActiveCfg = Debug|iPhone
		{F52E66E1-E5AB-4001-9CD5-29D6B68EE2B3}.Debug|iPhone.ActiveCfg = Debug|iPhone
		{F52E66E1-E5AB-4001-9CD5-29D6B68EE2B3}.Debug|iPhone.Build.0 = Debug|iPhone
		{F52E66E1-E5AB-4001-9CD5-29D6B68EE2B3}.Debug|iPhoneSimulator.ActiveCfg = Debug|iPhoneSimulator
		{F52E66E1-E5AB-4001-9CD5-29D6B68EE2B3}.Debug|iPhoneSimulator.Build.0 = Debug|iPhoneSimulator
		{F52E66E1-E5AB-4001-9CD5-29D6B68EE2B3}.Debug|Mixed Platforms.ActiveCfg = Debug|iPhone
		{F52E66E1-E5AB-4001-9CD5-29D6B68EE2B3}.Debug|Mixed Platforms.Build.0 = Debug|iPhone
		{F52E66E1-E5AB-4001-9CD5-29D6B68EE2B3}.Debug|x86.ActiveCfg = Debug|iPhone
		{F52E66E1-E5AB-4001-9CD5-29D6B68EE2B3}.Release|Any CPU.ActiveCfg = Release|iPhone
		{F52E66E1-E5AB-4001-9CD5-29D6B68EE2B3}.Release|ARM.ActiveCfg = Release|iPhone
		{F52E66E1-E5AB-4001-9CD5-29D6B68EE2B3}.Release|iPhone.ActiveCfg = Release|iPhone
		{F52E66E1-E5AB-4001-9CD5-29D6B68EE2B3}.Release|iPhone.Build.0 = Release|iPhone
		{F52E66E1-E5AB-4001-9CD5-29D6B68EE2B3}.Release|iPhoneSimulator.ActiveCfg = Release|iPhoneSimulator
		{F52E66E1-E5AB-4001-9CD5-29D6B68EE2B3}.Release|iPhoneSimulator.Build.0 = Release|iPhoneSimulator
		{F52E66E1-E5AB-4001-9CD5-29D6B68EE2B3}.Release|Mixed Platforms.ActiveCfg = Release|iPhone
		{F52E66E1-E5AB-4001-9CD5-29D6B68EE2B3}.Release|Mixed Platforms.Build.0 = Release|iPhone
		{F52E66E1-E5AB-4001-9CD5-29D6B68EE2B3}.Release|x86.ActiveCfg = Release|iPhone
		{2C46A7B0-EFCF-4205-ADAA-0F5A8B196083}.Ad-Hoc|Any CPU.ActiveCfg = Release|Any CPU
		{2C46A7B0-EFCF-4205-ADAA-0F5A8B196083}.Ad-Hoc|Any CPU.Build.0 = Release|Any CPU
		{2C46A7B0-EFCF-4205-ADAA-0F5A8B196083}.Ad-Hoc|Any CPU.Deploy.0 = Release|Any CPU
		{2C46A7B0-EFCF-4205-ADAA-0F5A8B196083}.Ad-Hoc|ARM.ActiveCfg = Release|Any CPU
		{2C46A7B0-EFCF-4205-ADAA-0F5A8B196083}.Ad-Hoc|iPhone.ActiveCfg = Release|Any CPU
		{2C46A7B0-EFCF-4205-ADAA-0F5A8B196083}.Ad-Hoc|iPhoneSimulator.ActiveCfg = Release|Any CPU
		{2C46A7B0-EFCF-4205-ADAA-0F5A8B196083}.Ad-Hoc|Mixed Platforms.ActiveCfg = Release|Any CPU
		{2C46A7B0-EFCF-4205-ADAA-0F5A8B196083}.Ad-Hoc|Mixed Platforms.Build.0 = Release|Any CPU
		{2C46A7B0-EFCF-4205-ADAA-0F5A8B196083}.Ad-Hoc|Mixed Platforms.Deploy.0 = Release|Any CPU
		{2C46A7B0-EFCF-4205-ADAA-0F5A8B196083}.Ad-Hoc|x86.ActiveCfg = Release|Any CPU
		{2C46A7B0-EFCF-4205-ADAA-0F5A8B196083}.AppStore|Any CPU.ActiveCfg = Release|Any CPU
		{2C46A7B0-EFCF-4205-ADAA-0F5A8B196083}.AppStore|Any CPU.Build.0 = Release|Any CPU
		{2C46A7B0-EFCF-4205-ADAA-0F5A8B196083}.AppStore|Any CPU.Deploy.0 = Release|Any CPU
		{2C46A7B0-EFCF-4205-ADAA-0F5A8B196083}.AppStore|ARM.ActiveCfg = Release|Any CPU
		{2C46A7B0-EFCF-4205-ADAA-0F5A8B196083}.AppStore|iPhone.ActiveCfg = Release|Any CPU
		{2C46A7B0-EFCF-4205-ADAA-0F5A8B196083}.AppStore|iPhoneSimulator.ActiveCfg = Release|Any CPU
		{2C46A7B0-EFCF-4205-ADAA-0F5A8B196083}.AppStore|Mixed Platforms.ActiveCfg = Release|Any CPU
		{2C46A7B0-EFCF-4205-ADAA-0F5A8B196083}.AppStore|Mixed Platforms.Build.0 = Release|Any CPU
		{2C46A7B0-EFCF-4205-ADAA-0F5A8B196083}.AppStore|Mixed Platforms.Deploy.0 = Release|Any CPU
		{2C46A7B0-EFCF-4205-ADAA-0F5A8B196083}.AppStore|x86.ActiveCfg = Release|Any CPU
		{2C46A7B0-EFCF-4205-ADAA-0F5A8B196083}.Debug|Any CPU.ActiveCfg = Debug|Any CPU
		{2C46A7B0-EFCF-4205-ADAA-0F5A8B196083}.Debug|Any CPU.Build.0 = Debug|Any CPU
		{2C46A7B0-EFCF-4205-ADAA-0F5A8B196083}.Debug|Any CPU.Deploy.0 = Debug|Any CPU
		{2C46A7B0-EFCF-4205-ADAA-0F5A8B196083}.Debug|ARM.ActiveCfg = Debug|Any CPU
		{2C46A7B0-EFCF-4205-ADAA-0F5A8B196083}.Debug|iPhone.ActiveCfg = Debug|Any CPU
		{2C46A7B0-EFCF-4205-ADAA-0F5A8B196083}.Debug|iPhoneSimulator.ActiveCfg = Debug|Any CPU
		{2C46A7B0-EFCF-4205-ADAA-0F5A8B196083}.Debug|Mixed Platforms.ActiveCfg = Debug|Any CPU
		{2C46A7B0-EFCF-4205-ADAA-0F5A8B196083}.Debug|Mixed Platforms.Build.0 = Debug|Any CPU
		{2C46A7B0-EFCF-4205-ADAA-0F5A8B196083}.Debug|Mixed Platforms.Deploy.0 = Debug|Any CPU
		{2C46A7B0-EFCF-4205-ADAA-0F5A8B196083}.Debug|x86.ActiveCfg = Debug|Any CPU
		{2C46A7B0-EFCF-4205-ADAA-0F5A8B196083}.Release|Any CPU.ActiveCfg = Release|Any CPU
		{2C46A7B0-EFCF-4205-ADAA-0F5A8B196083}.Release|Any CPU.Build.0 = Release|Any CPU
		{2C46A7B0-EFCF-4205-ADAA-0F5A8B196083}.Release|Any CPU.Deploy.0 = Release|Any CPU
		{2C46A7B0-EFCF-4205-ADAA-0F5A8B196083}.Release|ARM.ActiveCfg = Release|Any CPU
		{2C46A7B0-EFCF-4205-ADAA-0F5A8B196083}.Release|iPhone.ActiveCfg = Release|Any CPU
		{2C46A7B0-EFCF-4205-ADAA-0F5A8B196083}.Release|iPhoneSimulator.ActiveCfg = Release|Any CPU
		{2C46A7B0-EFCF-4205-ADAA-0F5A8B196083}.Release|Mixed Platforms.ActiveCfg = Release|Any CPU
		{2C46A7B0-EFCF-4205-ADAA-0F5A8B196083}.Release|Mixed Platforms.Build.0 = Release|Any CPU
		{2C46A7B0-EFCF-4205-ADAA-0F5A8B196083}.Release|Mixed Platforms.Deploy.0 = Release|Any CPU
		{2C46A7B0-EFCF-4205-ADAA-0F5A8B196083}.Release|x86.ActiveCfg = Release|Any CPU
		{E7D40F65-67B6-480B-BBB9-39024B2616EA}.Ad-Hoc|Any CPU.ActiveCfg = Release|Any CPU
		{E7D40F65-67B6-480B-BBB9-39024B2616EA}.Ad-Hoc|Any CPU.Build.0 = Release|Any CPU
		{E7D40F65-67B6-480B-BBB9-39024B2616EA}.Ad-Hoc|Any CPU.Deploy.0 = Release|Any CPU
		{E7D40F65-67B6-480B-BBB9-39024B2616EA}.Ad-Hoc|ARM.ActiveCfg = Release|ARM
		{E7D40F65-67B6-480B-BBB9-39024B2616EA}.Ad-Hoc|ARM.Build.0 = Release|ARM
		{E7D40F65-67B6-480B-BBB9-39024B2616EA}.Ad-Hoc|ARM.Deploy.0 = Release|ARM
		{E7D40F65-67B6-480B-BBB9-39024B2616EA}.Ad-Hoc|iPhone.ActiveCfg = Release|Any CPU
		{E7D40F65-67B6-480B-BBB9-39024B2616EA}.Ad-Hoc|iPhoneSimulator.ActiveCfg = Release|Any CPU
		{E7D40F65-67B6-480B-BBB9-39024B2616EA}.Ad-Hoc|Mixed Platforms.ActiveCfg = Release|x86
		{E7D40F65-67B6-480B-BBB9-39024B2616EA}.Ad-Hoc|Mixed Platforms.Build.0 = Release|x86
		{E7D40F65-67B6-480B-BBB9-39024B2616EA}.Ad-Hoc|Mixed Platforms.Deploy.0 = Release|x86
		{E7D40F65-67B6-480B-BBB9-39024B2616EA}.Ad-Hoc|x86.ActiveCfg = Release|x86
		{E7D40F65-67B6-480B-BBB9-39024B2616EA}.Ad-Hoc|x86.Build.0 = Release|x86
		{E7D40F65-67B6-480B-BBB9-39024B2616EA}.Ad-Hoc|x86.Deploy.0 = Release|x86
		{E7D40F65-67B6-480B-BBB9-39024B2616EA}.AppStore|Any CPU.ActiveCfg = Release|Any CPU
		{E7D40F65-67B6-480B-BBB9-39024B2616EA}.AppStore|Any CPU.Build.0 = Release|Any CPU
		{E7D40F65-67B6-480B-BBB9-39024B2616EA}.AppStore|Any CPU.Deploy.0 = Release|Any CPU
		{E7D40F65-67B6-480B-BBB9-39024B2616EA}.AppStore|ARM.ActiveCfg = Release|ARM
		{E7D40F65-67B6-480B-BBB9-39024B2616EA}.AppStore|ARM.Build.0 = Release|ARM
		{E7D40F65-67B6-480B-BBB9-39024B2616EA}.AppStore|ARM.Deploy.0 = Release|ARM
		{E7D40F65-67B6-480B-BBB9-39024B2616EA}.AppStore|iPhone.ActiveCfg = Release|Any CPU
		{E7D40F65-67B6-480B-BBB9-39024B2616EA}.AppStore|iPhoneSimulator.ActiveCfg = Release|Any CPU
		{E7D40F65-67B6-480B-BBB9-39024B2616EA}.AppStore|Mixed Platforms.ActiveCfg = Release|x86
		{E7D40F65-67B6-480B-BBB9-39024B2616EA}.AppStore|Mixed Platforms.Build.0 = Release|x86
		{E7D40F65-67B6-480B-BBB9-39024B2616EA}.AppStore|Mixed Platforms.Deploy.0 = Release|x86
		{E7D40F65-67B6-480B-BBB9-39024B2616EA}.AppStore|x86.ActiveCfg = Release|x86
		{E7D40F65-67B6-480B-BBB9-39024B2616EA}.AppStore|x86.Build.0 = Release|x86
		{E7D40F65-67B6-480B-BBB9-39024B2616EA}.AppStore|x86.Deploy.0 = Release|x86
		{E7D40F65-67B6-480B-BBB9-39024B2616EA}.Debug|Any CPU.ActiveCfg = Debug|Any CPU
		{E7D40F65-67B6-480B-BBB9-39024B2616EA}.Debug|Any CPU.Build.0 = Debug|Any CPU
		{E7D40F65-67B6-480B-BBB9-39024B2616EA}.Debug|Any CPU.Deploy.0 = Debug|Any CPU
		{E7D40F65-67B6-480B-BBB9-39024B2616EA}.Debug|ARM.ActiveCfg = Debug|ARM
		{E7D40F65-67B6-480B-BBB9-39024B2616EA}.Debug|ARM.Build.0 = Debug|ARM
		{E7D40F65-67B6-480B-BBB9-39024B2616EA}.Debug|ARM.Deploy.0 = Debug|ARM
		{E7D40F65-67B6-480B-BBB9-39024B2616EA}.Debug|iPhone.ActiveCfg = Debug|Any CPU
		{E7D40F65-67B6-480B-BBB9-39024B2616EA}.Debug|iPhoneSimulator.ActiveCfg = Debug|Any CPU
		{E7D40F65-67B6-480B-BBB9-39024B2616EA}.Debug|Mixed Platforms.ActiveCfg = Debug|x86
		{E7D40F65-67B6-480B-BBB9-39024B2616EA}.Debug|Mixed Platforms.Build.0 = Debug|x86
		{E7D40F65-67B6-480B-BBB9-39024B2616EA}.Debug|Mixed Platforms.Deploy.0 = Debug|x86
		{E7D40F65-67B6-480B-BBB9-39024B2616EA}.Debug|x86.ActiveCfg = Debug|x86
		{E7D40F65-67B6-480B-BBB9-39024B2616EA}.Debug|x86.Build.0 = Debug|x86
		{E7D40F65-67B6-480B-BBB9-39024B2616EA}.Debug|x86.Deploy.0 = Debug|x86
		{E7D40F65-67B6-480B-BBB9-39024B2616EA}.Release|Any CPU.ActiveCfg = Release|Any CPU
		{E7D40F65-67B6-480B-BBB9-39024B2616EA}.Release|Any CPU.Build.0 = Release|Any CPU
		{E7D40F65-67B6-480B-BBB9-39024B2616EA}.Release|Any CPU.Deploy.0 = Release|Any CPU
		{E7D40F65-67B6-480B-BBB9-39024B2616EA}.Release|ARM.ActiveCfg = Release|ARM
		{E7D40F65-67B6-480B-BBB9-39024B2616EA}.Release|ARM.Build.0 = Release|ARM
		{E7D40F65-67B6-480B-BBB9-39024B2616EA}.Release|ARM.Deploy.0 = Release|ARM
		{E7D40F65-67B6-480B-BBB9-39024B2616EA}.Release|iPhone.ActiveCfg = Release|Any CPU
		{E7D40F65-67B6-480B-BBB9-39024B2616EA}.Release|iPhoneSimulator.ActiveCfg = Release|Any CPU
		{E7D40F65-67B6-480B-BBB9-39024B2616EA}.Release|Mixed Platforms.ActiveCfg = Release|x86
		{E7D40F65-67B6-480B-BBB9-39024B2616EA}.Release|Mixed Platforms.Build.0 = Release|x86
		{E7D40F65-67B6-480B-BBB9-39024B2616EA}.Release|Mixed Platforms.Deploy.0 = Release|x86
		{E7D40F65-67B6-480B-BBB9-39024B2616EA}.Release|x86.ActiveCfg = Release|x86
		{E7D40F65-67B6-480B-BBB9-39024B2616EA}.Release|x86.Build.0 = Release|x86
		{E7D40F65-67B6-480B-BBB9-39024B2616EA}.Release|x86.Deploy.0 = Release|x86
	EndGlobalSection
	GlobalSection(SolutionProperties) = preSolution
		HideSolutionNode = FALSE
	EndGlobalSection
EndGlobal
